
Microsoft Visual Studio Solution File, Format Version 12.00
# Visual Studio 14
VisualStudioVersion = 14.0.23107.0
MinimumVisualStudioVersion = 10.0.40219.1
Project("{F2A71F9B-5D33-465A-A702-920D77279786}") = "Day1", "Day1\Day1.fsproj", "{2C439DE8-B988-42C7-BA9F-EC6525019D17}"
EndProject
Project("{F2A71F9B-5D33-465A-A702-920D77279786}") = "Day1.Tests", "Day1.Tests\Day1.Tests.fsproj", "{C2124E9B-E170-47C1-8424-9EDFE5A6F344}"
EndProject
Project("{F2A71F9B-5D33-465A-A702-920D77279786}") = "Day2", "Day2\Day2.fsproj", "{683BA01D-8BE0-4C40-A322-130EB4959BFE}"
EndProject
Project("{F2A71F9B-5D33-465A-A702-920D77279786}") = "Day2.Tests", "Day2.Tests\Day2.Tests.fsproj", "{137C0F62-704B-4776-969D-D1FAF495AED5}"
EndProject
Project("{F2A71F9B-5D33-465A-A702-920D77279786}") = "Day3", "Day3\Day3.fsproj", "{3A79E667-518A-429C-BFB5-DE2A0A51F135}"
EndProject
Project("{F2A71F9B-5D33-465A-A702-920D77279786}") = "Day3.Tests", "Day3.Tests\Day3.Tests.fsproj", "{122CC420-DB69-44CE-8B10-41BAE8C10297}"
EndProject
Global
	GlobalSection(SolutionConfigurationPlatforms) = preSolution
		Debug|Any CPU = Debug|Any CPU
		Release|Any CPU = Release|Any CPU
	EndGlobalSection
	GlobalSection(ProjectConfigurationPlatforms) = postSolution
		{2C439DE8-B988-42C7-BA9F-EC6525019D17}.Debug|Any CPU.ActiveCfg = Debug|Any CPU
		{2C439DE8-B988-42C7-BA9F-EC6525019D17}.Debug|Any CPU.Build.0 = Debug|Any CPU
		{2C439DE8-B988-42C7-BA9F-EC6525019D17}.Release|Any CPU.ActiveCfg = Release|Any CPU
		{2C439DE8-B988-42C7-BA9F-EC6525019D17}.Release|Any CPU.Build.0 = Release|Any CPU
		{C2124E9B-E170-47C1-8424-9EDFE5A6F344}.Debug|Any CPU.ActiveCfg = Debug|Any CPU
		{C2124E9B-E170-47C1-8424-9EDFE5A6F344}.Debug|Any CPU.Build.0 = Debug|Any CPU
		{C2124E9B-E170-47C1-8424-9EDFE5A6F344}.Release|Any CPU.ActiveCfg = Release|Any CPU
		{C2124E9B-E170-47C1-8424-9EDFE5A6F344}.Release|Any CPU.Build.0 = Release|Any CPU
		{683BA01D-8BE0-4C40-A322-130EB4959BFE}.Debug|Any CPU.ActiveCfg = Debug|Any CPU
		{683BA01D-8BE0-4C40-A322-130EB4959BFE}.Debug|Any CPU.Build.0 = Debug|Any CPU
		{683BA01D-8BE0-4C40-A322-130EB4959BFE}.Release|Any CPU.ActiveCfg = Release|Any CPU
		{683BA01D-8BE0-4C40-A322-130EB4959BFE}.Release|Any CPU.Build.0 = Release|Any CPU
		{137C0F62-704B-4776-969D-D1FAF495AED5}.Debug|Any CPU.ActiveCfg = Debug|Any CPU
		{137C0F62-704B-4776-969D-D1FAF495AED5}.Debug|Any CPU.Build.0 = Debug|Any CPU
		{137C0F62-704B-4776-969D-D1FAF495AED5}.Release|Any CPU.ActiveCfg = Release|Any CPU
		{137C0F62-704B-4776-969D-D1FAF495AED5}.Release|Any CPU.Build.0 = Release|Any CPU
		{3A79E667-518A-429C-BFB5-DE2A0A51F135}.Debug|Any CPU.ActiveCfg = Debug|Any CPU
		{3A79E667-518A-429C-BFB5-DE2A0A51F135}.Debug|Any CPU.Build.0 = Debug|Any CPU
		{3A79E667-518A-429C-BFB5-DE2A0A51F135}.Release|Any CPU.ActiveCfg = Release|Any CPU
		{3A79E667-518A-429C-BFB5-DE2A0A51F135}.Release|Any CPU.Build.0 = Release|Any CPU
		{122CC420-DB69-44CE-8B10-41BAE8C10297}.Debug|Any CPU.ActiveCfg = Debug|Any CPU
		{122CC420-DB69-44CE-8B10-41BAE8C10297}.Debug|Any CPU.Build.0 = Debug|Any CPU
		{122CC420-DB69-44CE-8B10-41BAE8C10297}.Release|Any CPU.ActiveCfg = Release|Any CPU
		{122CC420-DB69-44CE-8B10-41BAE8C10297}.Release|Any CPU.Build.0 = Release|Any CPU
	EndGlobalSection
	GlobalSection(SolutionProperties) = preSolution
		HideSolutionNode = FALSE
	EndGlobalSection
EndGlobal
